
Microsoft Visual Studio Solution File, Format Version 12.00
# Visual Studio Version 17
VisualStudioVersion = 17.5.33414.496
MinimumVisualStudioVersion = 10.0.40219.1
Project("{FAE04EC0-301F-11D3-BF4B-00C04F79EFBC}") = "FitnessTracker", "FitnessTracker\FitnessTracker.csproj", "{DC3CDD19-D735-4C1E-A1F4-ABA213434AF9}"
EndProject
Global
	GlobalSection(SolutionConfigurationPlatforms) = preSolution
		Debug|Any CPU = Debug|Any CPU
		Release|Any CPU = Release|Any CPU
	EndGlobalSection
	GlobalSection(ProjectConfigurationPlatforms) = postSolution
		{DC3CDD19-D735-4C1E-A1F4-ABA213434AF9}.Debug|Any CPU.ActiveCfg = Debug|Any CPU
		{DC3CDD19-D735-4C1E-A1F4-ABA213434AF9}.Debug|Any CPU.Build.0 = Debug|Any CPU
		{DC3CDD19-D735-4C1E-A1F4-ABA213434AF9}.Release|Any CPU.ActiveCfg = Release|Any CPU
		{DC3CDD19-D735-4C1E-A1F4-ABA213434AF9}.Release|Any CPU.Build.0 = Release|Any CPU
	EndGlobalSection
	GlobalSection(SolutionProperties) = preSolution
		HideSolutionNode = FALSE
	EndGlobalSection
	GlobalSection(ExtensibilityGlobals) = postSolution
		SolutionGuid = {0BAD4ACC-0734-4A5B-A9A3-6535278858F3}
	EndGlobalSection
EndGlobal
